<?xml version="1.0" encoding="utf-8"?>
<Project ToolsVersion="4.0" xmlns="http://schemas.microsoft.com/developer/msbuild/2003">
  <ItemGroup>
    <ClInclude Include="Block.h">
      <Filter>Framework</Filter>
    </ClInclude>
    <ClInclude Include="Cursor.h">
      <Filter>Framework</Filter>
    </ClInclude>
    <ClInclude Include="Dderror.h">
      <Filter>Framework</Filter>
    </ClInclude>
    <ClInclude Include="LegacyDebug.h">
      <Filter>Framework</Filter>
    </ClInclude>
    <ClInclude Include="DXInput.h">
      <Filter>Framework</Filter>
    </ClInclude>
    <ClInclude Include="Font.h">
      <Filter>Framework</Filter>
    </ClInclude>
    <ClInclude Include="Frame.h">
      <Filter>Framework</Filter>
    </ClInclude>
    <ClInclude Include="FrameInt.h">
      <Filter>Framework</Filter>
    </ClInclude>
    <ClInclude Include="FrameResource.h">
      <Filter>Framework</Filter>
    </ClInclude>
    <ClInclude Include="Heap.h">
      <Filter>Framework</Filter>
    </ClInclude>
    <ClInclude Include="Image.h">
      <Filter>Framework</Filter>
    </ClInclude>
    <ClInclude Include="Input.h">
      <Filter>Framework</Filter>
    </ClInclude>
    <ClInclude Include="ListMacs.h">
      <Filter>Framework</Filter>
    </ClInclude>
    <ClInclude Include="Mem.h">
      <Filter>Framework</Filter>
    </ClInclude>
    <ClInclude Include="MemInt.h">
      <Filter>Framework</Filter>
    </ClInclude>
    <ClInclude Include="Mono.h">
      <Filter>Framework</Filter>
    </ClInclude>
    <ClInclude Include="MultiWDG.h">
      <Filter>Framework</Filter>
    </ClInclude>
    <ClInclude Include="ResLY.h">
      <Filter>Framework</Filter>
    </ClInclude>
    <ClInclude Include="resource_y.h">
      <Filter>Framework</Filter>
    </ClInclude>
    <ClInclude Include="Screen.h">
      <Filter>Framework</Filter>
    </ClInclude>
    <ClInclude Include="StrRes.h">
      <Filter>Framework</Filter>
    </ClInclude>
    <ClInclude Include="StrRes_y.h">
      <Filter>Framework</Filter>
    </ClInclude>
    <ClInclude Include="StrResLY.h">
      <Filter>Framework</Filter>
    </ClInclude>
    <ClInclude Include="Surface.h">
      <Filter>Framework</Filter>
    </ClInclude>
    <ClInclude Include="Treap.h">
      <Filter>Framework</Filter>
    </ClInclude>
    <ClInclude Include="TreapInt.h">
      <Filter>Framework</Filter>
    </ClInclude>
    <ClInclude Include="Trig.h">
      <Filter>Framework</Filter>
    </ClInclude>
    <ClInclude Include="Types.h">
      <Filter>Framework</Filter>
    </ClInclude>
    <ClInclude Include="W95Trace.h">
      <Filter>Framework</Filter>
    </ClInclude>
    <ClInclude Include="WDG.h">
      <Filter>Framework</Filter>
    </ClInclude>
    <ClInclude Include="Ani.h">
      <Filter>Gamelib</Filter>
    </ClInclude>
    <ClInclude Include="Anim.h">
      <Filter>Gamelib</Filter>
    </ClInclude>
    <ClInclude Include="AnimObj.h">
      <Filter>Gamelib</Filter>
    </ClInclude>
    <ClInclude Include="GTime.h">
      <Filter>Gamelib</Filter>
    </ClInclude>
    <ClInclude Include="HashTabl.h">
      <Filter>Gamelib</Filter>
    </ClInclude>
    <ClInclude Include="MaxPiDef.h">
      <Filter>Gamelib</Filter>
    </ClInclude>
    <ClInclude Include="Parser.h">
      <Filter>Gamelib</Filter>
    </ClInclude>
    <ClInclude Include="parser_y.h">
      <Filter>Gamelib</Filter>
    </ClInclude>
    <ClInclude Include="PQueue.h">
      <Filter>Gamelib</Filter>
    </ClInclude>
    <ClInclude Include="Priority.h">
      <Filter>Gamelib</Filter>
    </ClInclude>
    <ClInclude Include="PtrList.h">
      <Filter>Gamelib</Filter>
    </ClInclude>
    <ClInclude Include="BitImage.h">
      <Filter>ivis02</Filter>
    </ClInclude>
    <ClInclude Include="BSPFunc.h">
      <Filter>ivis02</Filter>
    </ClInclude>
    <ClInclude Include="BSPIMD.h">
      <Filter>ivis02</Filter>
    </ClInclude>
    <ClInclude Include="Bug.h">
      <Filter>ivis02</Filter>
    </ClInclude>
    <ClInclude Include="D3DMode.h">
      <Filter>ivis02</Filter>
    </ClInclude>
    <ClInclude Include="D3DRender.h">
      <Filter>ivis02</Filter>
    </ClInclude>
    <ClInclude Include="DX6TexMan.h">
      <Filter>ivis02</Filter>
    </ClInclude>
    <ClInclude Include="Fbf.h">
      <Filter>ivis02</Filter>
    </ClInclude>
    <ClInclude Include="Geo.h">
      <Filter>ivis02</Filter>
    </ClInclude>
    <ClInclude Include="IMD.h">
      <Filter>ivis02</Filter>
    </ClInclude>
    <ClInclude Include="Ivi.h">
      <Filter>ivis02</Filter>
    </ClInclude>
    <ClInclude Include="IvisDef.h">
      <Filter>ivis02</Filter>
    </ClInclude>
    <ClInclude Include="IvisPatch.h">
      <Filter>ivis02</Filter>
    </ClInclude>
    <ClInclude Include="Pcx.h">
      <Filter>ivis02</Filter>
    </ClInclude>
    <ClInclude Include="PieBlitFunc.h">
      <Filter>ivis02</Filter>
    </ClInclude>
    <ClInclude Include="PieClip.h">
      <Filter>ivis02</Filter>
    </ClInclude>
    <ClInclude Include="PieDef.h">
      <Filter>ivis02</Filter>
    </ClInclude>
    <ClInclude Include="PieFunc.h">
      <Filter>ivis02</Filter>
    </ClInclude>
    <ClInclude Include="PieMatrix.h">
      <Filter>ivis02</Filter>
    </ClInclude>
    <ClInclude Include="PieMode.h">
      <Filter>ivis02</Filter>
    </ClInclude>
    <ClInclude Include="PiePalette.h">
      <Filter>ivis02</Filter>
    </ClInclude>
    <ClInclude Include="PieState.h">
      <Filter>ivis02</Filter>
    </ClInclude>
    <ClInclude Include="PieTexture.h">
      <Filter>ivis02</Filter>
    </ClInclude>
    <ClInclude Include="PieTypes.h">
      <Filter>ivis02</Filter>
    </ClInclude>
    <ClInclude Include="RendFunc.h">
      <Filter>ivis02</Filter>
    </ClInclude>
    <ClInclude Include="RendMode.h">
      <Filter>ivis02</Filter>
    </ClInclude>
    <ClInclude Include="Tex.h">
      <Filter>ivis02</Filter>
    </ClInclude>
    <ClInclude Include="TexD3D.h">
      <Filter>ivis02</Filter>
    </ClInclude>
    <ClInclude Include="TextDraw.h">
      <Filter>ivis02</Filter>
    </ClInclude>
    <ClInclude Include="NetLobby.h">
      <Filter>NetPlay</Filter>
    </ClInclude>
    <ClInclude Include="NetPlay.h">
      <Filter>NetPlay</Filter>
    </ClInclude>
    <ClInclude Include="NetProv.h">
      <Filter>NetPlay</Filter>
    </ClInclude>
    <ClInclude Include="NetSupp.h">
      <Filter>NetPlay</Filter>
    </ClInclude>
    <ClInclude Include="Bar.h">
      <Filter>Widget</Filter>
    </ClInclude>
    <ClInclude Include="Button.h">
      <Filter>Widget</Filter>
    </ClInclude>
    <ClInclude Include="EditBox.h">
      <Filter>Widget</Filter>
    </ClInclude>
    <ClInclude Include="Form.h">
      <Filter>Widget</Filter>
    </ClInclude>
    <ClInclude Include="Label.h">
      <Filter>Widget</Filter>
    </ClInclude>
    <ClInclude Include="Slider.h">
      <Filter>Widget</Filter>
    </ClInclude>
    <ClInclude Include="Tip.h">
      <Filter>Widget</Filter>
    </ClInclude>
    <ClInclude Include="WidgBase.h">
      <Filter>Widget</Filter>
    </ClInclude>
    <ClInclude Include="Widget.h">
      <Filter>Widget</Filter>
    </ClInclude>
    <ClInclude Include="WidgInt.h">
      <Filter>Widget</Filter>
    </ClInclude>
    <ClInclude Include="CodePrint.h">
      <Filter>Script</Filter>
    </ClInclude>
    <ClInclude Include="Event.h">
      <Filter>Script</Filter>
    </ClInclude>
    <ClInclude Include="EvntSave.h">
      <Filter>Script</Filter>
    </ClInclude>
    <ClInclude Include="Interp.h">
      <Filter>Script</Filter>
    </ClInclude>
    <ClInclude Include="Parse.h">
      <Filter>Script</Filter>
    </ClInclude>
    <ClInclude Include="Script.h">
      <Filter>Script</Filter>
    </ClInclude>
    <ClInclude Include="Script_y.h">
      <Filter>Script</Filter>
    </ClInclude>
    <ClInclude Include="Stack.h">
      <Filter>Script</Filter>
    </ClInclude>
    <ClInclude Include="Sequence.h">
      <Filter>Sequence</Filter>
    </ClInclude>
    <ClInclude Include="STREAMER.H">
      <Filter>Sequence</Filter>
    </ClInclude>
    <ClInclude Include="Aud.h">
      <Filter>Sound</Filter>
    </ClInclude>
    <ClInclude Include="Audio.h">
      <Filter>Sound</Filter>
    </ClInclude>
    <ClInclude Include="Mixer.h">
      <Filter>Sound</Filter>
    </ClInclude>
    <ClInclude Include="QMIXER.H">
      <Filter>Sound</Filter>
    </ClInclude>
    <ClInclude Include="Track.h">
      <Filter>Sound</Filter>
    </ClInclude>
    <ClInclude Include="TrackLib.h">
      <Filter>Sound</Filter>
    </ClInclude>
    <ClInclude Include="Debug.h" />
    <ClInclude Include="pch.h" />
    <ClInclude Include="NeuronCore.h" />
  </ItemGroup>
  <ItemGroup>
    <ClCompile Include="BitImage.cpp" />
    <ClCompile Include="BSPIMD.cpp" />
    <ClCompile Include="Bug.cpp" />
    <ClCompile Include="D3DMode.cpp" />
    <ClCompile Include="D3DRender.cpp" />
    <ClCompile Include="DX6TexMan.cpp" />
    <ClCompile Include="Fbf.cpp" />
    <ClCompile Include="IMD.cpp" />
    <ClCompile Include="IMDLoad.cpp" />
    <ClCompile Include="Ivi.cpp" />
    <ClCompile Include="Pcx.cpp" />
    <ClCompile Include="PieBlitFunc.cpp" />
    <ClCompile Include="PieClip.cpp" />
    <ClCompile Include="PieDraw.cpp" />
    <ClCompile Include="PieFunc.cpp" />
    <ClCompile Include="PieMatrix.cpp" />
    <ClCompile Include="PieMode.cpp" />
    <ClCompile Include="PiePalette.cpp" />
    <ClCompile Include="PieState.cpp" />
    <ClCompile Include="PieTexture.cpp" />
    <ClCompile Include="PQueue.cpp" />
    <ClCompile Include="PtrList.cpp" />
    <ClCompile Include="QSTrack.cpp" />
    <ClCompile Include="RendFunc.cpp" />
    <ClCompile Include="RendMode.cpp" />
    <ClCompile Include="Screen.cpp" />
    <ClCompile Include="Stack.cpp" />
    <ClCompile Include="Tex.cpp" />
    <ClCompile Include="TexD3D.cpp" />
    <ClCompile Include="TextDraw.cpp" />
    <ClCompile Include="WDG.cpp" />
    <ClCompile Include="Block.cpp">
      <Filter>Framework</Filter>
    </ClCompile>
    <ClCompile Include="Cursor.cpp">
      <Filter>Framework</Filter>
    </ClCompile>
    <ClCompile Include="Dderror.cpp">
      <Filter>Framework</Filter>
    </ClCompile>
    <ClCompile Include="LegacyDebug.cpp">
      <Filter>Framework</Filter>
    </ClCompile>
    <ClCompile Include="DXInput.cpp">
      <Filter>Framework</Filter>
    </ClCompile>
    <ClCompile Include="Font.cpp">
      <Filter>Framework</Filter>
    </ClCompile>
    <ClCompile Include="Frame.cpp">
      <Filter>Framework</Filter>
    </ClCompile>
    <ClCompile Include="Heap.cpp">
      <Filter>Framework</Filter>
    </ClCompile>
    <ClCompile Include="Image.cpp">
      <Filter>Framework</Filter>
    </ClCompile>
    <ClCompile Include="FrameResource.cpp">
      <Filter>Framework</Filter>
    </ClCompile>
    <ClCompile Include="Input.cpp">
      <Filter>Framework</Filter>
    </ClCompile>
    <ClCompile Include="MultiWDG.cpp">
      <Filter>Framework</Filter>
    </ClCompile>
    <ClCompile Include="Mono.cpp">
      <Filter>Framework</Filter>
    </ClCompile>
    <ClCompile Include="Mem.cpp">
      <Filter>Framework</Filter>
    </ClCompile>
    <ClCompile Include="resource_l.cpp">
      <Filter>Framework</Filter>
    </ClCompile>
    <ClCompile Include="resource_y.cpp">
      <Filter>Framework</Filter>
    </ClCompile>
    <ClCompile Include="Trig.cpp">
      <Filter>Framework</Filter>
    </ClCompile>
    <ClCompile Include="W95Trace.cpp">
      <Filter>Framework</Filter>
    </ClCompile>
    <ClCompile Include="Treap.cpp">
      <Filter>Framework</Filter>
    </ClCompile>
    <ClCompile Include="StrRes.cpp">
      <Filter>Framework</Filter>
    </ClCompile>
    <ClCompile Include="StrRes_l.cpp">
      <Filter>Framework</Filter>
    </ClCompile>
    <ClCompile Include="StrRes_y.cpp">
      <Filter>Framework</Filter>
    </ClCompile>
    <ClCompile Include="Surface.cpp">
      <Filter>Framework</Filter>
    </ClCompile>
    <ClCompile Include="Bar.cpp">
      <Filter>Widget</Filter>
    </ClCompile>
    <ClCompile Include="Button.cpp">
      <Filter>Widget</Filter>
    </ClCompile>
    <ClCompile Include="EditBox.cpp">
      <Filter>Widget</Filter>
    </ClCompile>
    <ClCompile Include="Form.cpp">
      <Filter>Widget</Filter>
    </ClCompile>
    <ClCompile Include="Label.cpp">
      <Filter>Widget</Filter>
    </ClCompile>
    <ClCompile Include="Slider.cpp">
      <Filter>Widget</Filter>
    </ClCompile>
    <ClCompile Include="Tip.cpp">
      <Filter>Widget</Filter>
    </ClCompile>
    <ClCompile Include="Widget.cpp">
      <Filter>Widget</Filter>
    </ClCompile>
    <ClCompile Include="Audio.cpp">
      <Filter>Sound</Filter>
    </ClCompile>
    <ClCompile Include="Track.cpp">
      <Filter>Sound</Filter>
    </ClCompile>
    <ClCompile Include="Sequence.cpp">
      <Filter>Sequence</Filter>
    </ClCompile>
    <ClCompile Include="CodePrint.cpp">
      <Filter>Script</Filter>
    </ClCompile>
    <ClCompile Include="Event.cpp">
      <Filter>Script</Filter>
    </ClCompile>
    <ClCompile Include="EvntSave.cpp">
      <Filter>Script</Filter>
    </ClCompile>
    <ClCompile Include="Interp.cpp">
      <Filter>Script</Filter>
    </ClCompile>
    <ClCompile Include="Script.cpp">
      <Filter>Script</Filter>
    </ClCompile>
    <ClCompile Include="Script_l.cpp">
      <Filter>Script</Filter>
    </ClCompile>
    <ClCompile Include="Script_y.cpp">
      <Filter>Script</Filter>
    </ClCompile>
    <ClCompile Include="NetAudio.cpp">
      <Filter>NetPlay</Filter>
    </ClCompile>
    <ClCompile Include="NetCrypt.cpp">
      <Filter>NetPlay</Filter>
    </ClCompile>
    <ClCompile Include="NetJoin.cpp">
      <Filter>NetPlay</Filter>
    </ClCompile>
    <ClCompile Include="NetLobby.cpp">
      <Filter>NetPlay</Filter>
    </ClCompile>
    <ClCompile Include="NetPlay.cpp">
      <Filter>NetPlay</Filter>
    </ClCompile>
    <ClCompile Include="NetProv.cpp">
      <Filter>NetPlay</Filter>
    </ClCompile>
    <ClCompile Include="NetSupp.cpp">
      <Filter>NetPlay</Filter>
    </ClCompile>
    <ClCompile Include="NetUsers.cpp">
      <Filter>NetPlay</Filter>
    </ClCompile>
    <ClCompile Include="Mixer.cpp">
      <Filter>Sound</Filter>
    </ClCompile>
    <ClCompile Include="parser_l.cpp">
      <Filter>Gamelib</Filter>
    </ClCompile>
    <ClCompile Include="parser_y.cpp">
      <Filter>Gamelib</Filter>
    </ClCompile>
    <ClCompile Include="Anim.cpp">
      <Filter>Gamelib</Filter>
    </ClCompile>
    <ClCompile Include="AnimObj.cpp">
      <Filter>Gamelib</Filter>
    </ClCompile>
    <ClCompile Include="GTime.cpp">
      <Filter>Gamelib</Filter>
    </ClCompile>
    <ClCompile Include="HashTabl.cpp">
      <Filter>Gamelib</Filter>
    </ClCompile>
    <ClCompile Include="pch.cpp" />
  </ItemGroup>
  <ItemGroup>
    <Filter Include="Framework">
      <UniqueIdentifier>{b6512305-8326-4d86-aa65-1b1483f45df9}</UniqueIdentifier>
    </Filter>
    <Filter Include="Gamelib">
      <UniqueIdentifier>{13bc249d-6089-4959-965b-82b54fc8ea99}</UniqueIdentifier>
    </Filter>
    <Filter Include="ivis02">
      <UniqueIdentifier>{0d7d1d83-a43e-4556-b3aa-1ccadb1fb77f}</UniqueIdentifier>
    </Filter>
    <Filter Include="NetPlay">
      <UniqueIdentifier>{4b7b78b1-878b-4b16-9995-c8f4a8151b30}</UniqueIdentifier>
    </Filter>
    <Filter Include="Script">
      <UniqueIdentifier>{f59b33cc-9e12-4887-a953-c733d084fce5}</UniqueIdentifier>
    </Filter>
    <Filter Include="Sequence">
      <UniqueIdentifier>{9b1cf67f-c2a8-4872-aa0f-683d7d8bf174}</UniqueIdentifier>
    </Filter>
    <Filter Include="Sound">
      <UniqueIdentifier>{10ac5322-19da-4c78-bc7e-eaa62a837e66}</UniqueIdentifier>
    </Filter>
    <Filter Include="Widget">
      <UniqueIdentifier>{5089e6fa-7d5f-4eea-b092-848d609c2f01}</UniqueIdentifier>
    </Filter>
  </ItemGroup>
  <ItemGroup>
    <None Include="parser.y">
      <Filter>Gamelib</Filter>
    </None>
    <None Include="Resource.y">
      <Filter>Gamelib</Filter>
    </None>
    <None Include="StrRes.y">
      <Filter>Gamelib</Filter>
    </None>
    <None Include="parser.l">
      <Filter>Gamelib</Filter>
    </None>
    <None Include="Resource.l">
      <Filter>Gamelib</Filter>
    </None>
    <None Include="StrRes.l">
      <Filter>Gamelib</Filter>
    </None>
    <None Include="script.y">
      <Filter>Script</Filter>
    </None>
    <None Include="script.l">
      <Filter>Script</Filter>
    </None>
  </ItemGroup>
</Project>