<?xml version="1.0" encoding="utf-8"?>
<Project ToolsVersion="4.0" xmlns="http://schemas.microsoft.com/developer/msbuild/2003">
  <ItemGroup>
    <ClCompile Include="Anim.cpp" />
    <ClCompile Include="AnimObj.cpp" />
    <ClCompile Include="AudioMixer.cpp" />
    <ClCompile Include="AudioSystem.cpp" />
    <ClCompile Include="BSPIMD.cpp" />
    <ClCompile Include="Bar.cpp" />
    <ClCompile Include="BitImage.cpp" />
    <ClCompile Include="Button.cpp" />
    <ClCompile Include="ClientSession.cpp" />
    <ClCompile Include="DXError.cpp" />
    <ClCompile Include="DXInput.cpp" />
    <ClCompile Include="Dds.cpp" />
    <ClCompile Include="EditBox.cpp" />
    <ClCompile Include="Fbf.cpp" />
    <ClCompile Include="Font.cpp" />
    <ClCompile Include="Form.cpp" />
    <ClCompile Include="IMD.cpp" />
    <ClCompile Include="IMDLoad.cpp" />
    <ClCompile Include="Image.cpp" />
    <ClCompile Include="Input.cpp" />
    <ClCompile Include="Label.cpp" />
    <ClCompile Include="MovieStream.cpp" />
    <ClCompile Include="PieFunc.cpp" />
    <ClCompile Include="PieMode.cpp" />
    <ClCompile Include="RendFunc.cpp" />
    <ClCompile Include="RendMode.cpp" />
    <ClCompile Include="Render.cpp" />
    <ClCompile Include="Render2D.cpp" />
    <ClCompile Include="RenderClip.cpp" />
    <ClCompile Include="RenderMatrix.cpp" />
    <ClCompile Include="RenderModel.cpp" />
    <ClCompile Include="Screen.cpp" />
    <ClCompile Include="Sequence.cpp" />
    <ClCompile Include="Slider.cpp" />
    <ClCompile Include="Surface.cpp" />
    <ClCompile Include="Tex.cpp" />
    <ClCompile Include="TexMan.cpp" />
    <ClCompile Include="TextDraw.cpp" />
    <ClCompile Include="Tip.cpp" />
    <ClCompile Include="WavData.cpp" />
    <ClCompile Include="Widget.cpp" />
    <ClCompile Include="Window.cpp" />
    <ClCompile Include="pch.cpp" />
  </ItemGroup>
  <ItemGroup>
    <ClInclude Include="Ani.h" />
    <ClInclude Include="Anim.h" />
    <ClInclude Include="AnimObj.h" />
    <ClInclude Include="AudioMixer.h" />
    <ClInclude Include="AudioSystem.h" />
    <ClInclude Include="BSPFunc.h" />
    <ClInclude Include="BSPIMD.h" />
    <ClInclude Include="Bar.h" />
    <ClInclude Include="BitImage.h" />
    <ClInclude Include="Button.h" />
    <ClInclude Include="ClientSession.h" />
    <ClInclude Include="D3D9Vertex.h" />
    <ClInclude Include="DXError.h" />
    <ClInclude Include="DXInput.h" />
    <ClInclude Include="EditBox.h" />
    <ClInclude Include="Fbf.h" />
    <ClInclude Include="Font.h" />
    <ClInclude Include="Form.h" />
    <ClInclude Include="FrameInt.h" />
    <ClInclude Include="IMD.h" />
    <ClInclude Include="Image.h" />
    <ClInclude Include="Input.h" />
    <ClInclude Include="IvisPatch.h" />
    <ClInclude Include="Label.h" />
    <ClInclude Include="MaxPiDef.h" />
    <ClInclude Include="Model.h" />
    <ClInclude Include="MovieStream.h" />
    <ClInclude Include="Dds.h" />
    <ClInclude Include="Palette.h" />
    <ClInclude Include="PieFunc.h" />
    <ClInclude Include="PieMode.h" />
    <ClInclude Include="PieState.h" />
    <ClInclude Include="RendFunc.h" />
    <ClInclude Include="RendMode.h" />
    <ClInclude Include="Render.h" />
    <ClInclude Include="Render2D.h" />
    <ClInclude Include="RenderClip.h" />
    <ClInclude Include="RenderMatrix.h" />
    <ClInclude Include="RenderModel.h" />
    <ClInclude Include="RenderTypes.h" />
    <ClInclude Include="Screen.h" />
    <ClInclude Include="Sequence.h" />
    <ClInclude Include="Slider.h" />
    <ClInclude Include="Surface.h" />
    <ClInclude Include="Tex.h" />
    <ClInclude Include="TexMan.h" />
    <ClInclude Include="TextDraw.h" />
    <ClInclude Include="Tip.h" />
    <ClInclude Include="Track.h" />
    <ClInclude Include="WavData.h" />
    <ClInclude Include="WidgBase.h" />
    <ClInclude Include="WidgInt.h" />
    <ClInclude Include="Widget.h" />
    <ClInclude Include="Window.h" />
    <ClInclude Include="pch.h" />
  </ItemGroup>
  <ItemGroup>
    <None Include="packages.config" />
  </ItemGroup>
</Project>